
Microsoft Visual Studio Solution File, Format Version 12.00
Project("{FAE04EC0-301F-11D3-BF4B-00C04F79EFBC}") = "FireControl", "FireControl.csproj", "{52DE69AE-F7D4-4F57-8505-62DF74D20109}"
EndProject
Global
	GlobalSection(SolutionConfigurationPlatforms) = preSolution
		Debug|Any CPU = Debug|Any CPU
		Release|Any CPU = Release|Any CPU
	EndGlobalSection
	GlobalSection(ProjectConfigurationPlatforms) = postSolution
		{52DE69AE-F7D4-4F57-8505-62DF74D20109}.Debug|Any CPU.ActiveCfg = Debug|Any CPU
		{52DE69AE-F7D4-4F57-8505-62DF74D20109}.Debug|Any CPU.Build.0 = Debug|Any CPU
		{52DE69AE-F7D4-4F57-8505-62DF74D20109}.Release|Any CPU.ActiveCfg = Release|Any CPU
		{52DE69AE-F7D4-4F57-8505-62DF74D20109}.Release|Any CPU.Build.0 = Release|Any CPU
	EndGlobalSection
EndGlobal
